
Microsoft Visual Studio Solution File, Format Version 12.00
# Visual Studio 14
VisualStudioVersion = 14.0.25123.0
MinimumVisualStudioVersion = 10.0.40219.1
Project("{FAE04EC0-301F-11D3-BF4B-00C04F79EFBC}") = "DiscordBot", "DiscordBot\DiscordBot.csproj", "{B4BCD35A-BCC8-4F39-B01D-29B2D7ABCFED}"
EndProject
Global
	GlobalSection(SolutionConfigurationPlatforms) = preSolution
		Debug|Any CPU = Debug|Any CPU
		Release|Any CPU = Release|Any CPU
	EndGlobalSection
	GlobalSection(ProjectConfigurationPlatforms) = postSolution
		{B4BCD35A-BCC8-4F39-B01D-29B2D7ABCFED}.Debug|Any CPU.ActiveCfg = Debug|Any CPU
		{B4BCD35A-BCC8-4F39-B01D-29B2D7ABCFED}.Debug|Any CPU.Build.0 = Debug|Any CPU
		{B4BCD35A-BCC8-4F39-B01D-29B2D7ABCFED}.Release|Any CPU.ActiveCfg = Release|Any CPU
		{B4BCD35A-BCC8-4F39-B01D-29B2D7ABCFED}.Release|Any CPU.Build.0 = Release|Any CPU
	EndGlobalSection
	GlobalSection(SolutionProperties) = preSolution
		HideSolutionNode = FALSE
	EndGlobalSection
EndGlobal
